
Microsoft Visual Studio Solution File, Format Version 12.00
# Visual Studio Version 16
VisualStudioVersion = 16.0.29609.76
MinimumVisualStudioVersion = 10.0.40219.1
Project("{FAE04EC0-301F-11D3-BF4B-00C04F79EFBC}") = "Snake_And_Ladder", "Snake_And_Ladder\Snake_And_Ladder.csproj", "{D5368A3F-64E2-4990-80CF-3C7A2DC9AB7C}"
EndProject
Global
	GlobalSection(SolutionConfigurationPlatforms) = preSolution
		Debug|Any CPU = Debug|Any CPU
		Release|Any CPU = Release|Any CPU
	EndGlobalSection
	GlobalSection(ProjectConfigurationPlatforms) = postSolution
		{D5368A3F-64E2-4990-80CF-3C7A2DC9AB7C}.Debug|Any CPU.ActiveCfg = Debug|Any CPU
		{D5368A3F-64E2-4990-80CF-3C7A2DC9AB7C}.Debug|Any CPU.Build.0 = Debug|Any CPU
		{D5368A3F-64E2-4990-80CF-3C7A2DC9AB7C}.Release|Any CPU.ActiveCfg = Release|Any CPU
		{D5368A3F-64E2-4990-80CF-3C7A2DC9AB7C}.Release|Any CPU.Build.0 = Release|Any CPU
	EndGlobalSection
	GlobalSection(SolutionProperties) = preSolution
		HideSolutionNode = FALSE
	EndGlobalSection
	GlobalSection(ExtensibilityGlobals) = postSolution
		SolutionGuid = {91FDD99B-B254-4B7F-933F-341A71DD5242}
	EndGlobalSection
EndGlobal
